{
    "_readme": [
        "This file locks the dependencies of your project to a known state",
        "Read more about it at https://getcomposer.org/doc/01-basic-usage.md#installing-dependencies",
        "This file is @generated automatically"
    ],
    "content-hash": "cee9a199dd6216d8ac6a45067ea1082a",
    "packages": [
        {
            "name": "rinvex/countries",
            "version": "v9.0.1",
            "source": {
                "type": "git",
                "url": "https://github.com/rinvex/countries.git",
                "reference": "0fdccd0e37bc2f53ae93dda7bbb498189f2e4e22"
            },
            "dist": {
                "type": "zip",
                "url": "https://api.github.com/repos/rinvex/countries/zipball/0fdccd0e37bc2f53ae93dda7bbb498189f2e4e22",
                "reference": "0fdccd0e37bc2f53ae93dda7bbb498189f2e4e22",
                "shasum": ""
            },
            "require": {
                "php": "^8.1.0"
            },
            "require-dev": {
                "codedungeon/phpunit-result-printer": "^0.32.0",
                "phpunit/phpunit": "^10.1.0"
            },
            "type": "library",
            "extra": {
                "laravel": {
                    "providers": [
                        "Rinvex\\Country\\Providers\\CountryServiceProvider"
                    ]
                }
            },
            "autoload": {
                "files": [
                    "src/helpers.php"
                ],
                "psr-4": {
                    "Rinvex\\Country\\": "src/"
                }
            },
            "notification-url": "https://packagist.org/downloads/",
            "license": [
                "MIT"
            ],
            "authors": [
                {
                    "name": "Rinvex LLC",
                    "email": "help@rinvex.com",
                    "homepage": "https://rinvex.com"
                },
                {
                    "name": "Abdelrahman Omran",
                    "email": "me@omranic.com",
                    "homepage": "https://omranic.com",
                    "role": "Project Lead"
                },
                {
                    "name": "The Generous PHP Community",
                    "homepage": "https://github.com/rinvex/countries/contributors"
                }
            ],
            "description": "Rinvex Countries is a simple and lightweight package for retrieving country details with flexibility. A whole bunch of data including name, demonym, capital, iso codes, dialling codes, geo data, currencies, flags, emoji, and other attributes for all 250 countries worldwide at your fingertips.",
            "homepage": "https://rinvex.com",
            "keywords": [
                "Flexible",
                "Simple",
                "countries",
                "country",
                "currencies",
                "demonym",
                "dialling",
                "emoji",
                "flags",
                "geographic",
                "languages",
                "rinvex",
                "svg"
            ],
            "support": {
                "docs": "https://github.com/rinvex/countries/blob/master/README.md",
                "email": "help@rinvex.com",
                "issues": "https://github.com/rinvex/countries/issues",
                "source": "https://github.com/rinvex/countries"
            },
            "time": "2023-05-02T00:57:05+00:00"
        }
    ],
    "packages-dev": [],
    "aliases": [],
    "minimum-stability": "stable",
    "stability-flags": [],
    "prefer-stable": false,
    "prefer-lowest": false,
    "platform": [],
    "platform-dev": [],
    "plugin-api-version": "2.6.0"
}
